{
  "name": "platforms",
  "version": "1.0.0",
  "lockfileVersion": 3,
  "requires": true,
  "packages": {
    "": {
      "name": "platforms",
      "version": "1.0.0",
      "license": "ISC",
      "dependencies": {
        "@katrinaant/ajs": "^1.0.0"
      }
    },
    "node_modules/@katrinaant/ajs": {
      "version": "1.0.0",
      "resolved": "https://npm.pkg.github.com/download/@katrinaant/ajs/1.0.0/54e67ed2e65f0da5cae77ea6f68a6cb58fbca270",
      "integrity": "sha512-pMQWhBYm/TTS6xGcxv0Uf+QERPMpoOdIdIIw0AB8/0l2NbeaXi7h8eIawTvwoDtGgiHPccyDdHWW9Q5FgXd2Zg==",
      "license": "ISC"
    }
  }
}
